{
  "lockfileVersion": 1,
  "configVersion": 1,
  "workspaces": {
    "": {
      "name": "graphql-music",
      "dependencies": {
        "@apollo/server": "^5.0.0",
        "@pothos/core": "^4.0.0",
        "dataloader": "^2.2.3",
        "graphql": "^16.0.0",
      },
      "devDependencies": {
        "@types/bun": "^1.3.0",
        "typescript": "^6.0.3",
      },
    },
  },
  "packages": {
    "@apollo/cache-control-types": ["@apollo/cache-control-types@1.0.3", "", { "peerDependencies": { "graphql": "14.x || 15.x || 16.x" } }, "sha512-F17/vCp7QVwom9eG7ToauIKdAxpSoadsJnqIfyryLFSkLSOEqu+eC5Z3N8OXcUVStuOMcNHlyraRsA6rRICu4g=="],

    "@apollo/protobufjs": ["@apollo/protobufjs@1.2.8", "", { "dependencies": { "@protobufjs/aspromise": "^1.1.2", "@protobufjs/base64": "^1.1.2", "@protobufjs/codegen": "^2.0.4", "@protobufjs/eventemitter": "^1.1.0", "@protobufjs/fetch": "^1.1.0", "@protobufjs/float": "^1.0.2", "@protobufjs/inquire": "^1.1.0", "@protobufjs/path": "^1.1.2", "@protobufjs/pool": "^1.1.0", "@protobufjs/utf8": "^1.1.0", "@types/long": "^4.0.0", "long": "^4.0.0" }, "bin": { "apollo-pbjs": "bin/pbjs", "apollo-pbts": "bin/pbts" } }, "sha512-r7xNeUqZX+eBBEmyvaPw0/cSz6zgf5jdH8mjUz8ynKpNs/GU7vi2T7sNcZINk2ZID7wwjG91FCgdpCrQuJ8rzA=="],

    "@apollo/server": ["@apollo/server@5.5.1", "", { "dependencies": { "@apollo/cache-control-types": "^1.0.3", "@apollo/server-gateway-interface": "^2.0.0", "@apollo/usage-reporting-protobuf": "^4.1.1", "@apollo/utils.createhash": "^3.0.0", "@apollo/utils.fetcher": "^3.0.0", "@apollo/utils.isnodelike": "^3.0.0", "@apollo/utils.keyvaluecache": "^4.0.0", "@apollo/utils.logger": "^3.0.0", "@apollo/utils.usagereporting": "^2.1.0", "@apollo/utils.withrequired": "^3.0.0", "@graphql-tools/schema": "^10.0.0", "async-retry": "^1.2.1", "body-parser": "^2.2.2", "content-type": "^1.0.5", "cors": "^2.8.5", "finalhandler": "^2.1.0", "loglevel": "^1.6.8", "lru-cache": "^11.1.0", "negotiator": "^1.0.0", "whatwg-mimetype": "^4.0.0" }, "peerDependencies": { "graphql": "^16.11.0" } }, "sha512-Rn3g5TJQsMSUY23CWZTghWdBWyjX7dP1eaEBPkvmM2RHi82cDcpgTIkSCbGvtTUEGjwopLv1AAooU/n7iIZ20A=="],

    "@apollo/server-gateway-interface": ["@apollo/server-gateway-interface@2.0.0", "", { "dependencies": { "@apollo/usage-reporting-protobuf": "^4.1.1", "@apollo/utils.fetcher": "^3.0.0", "@apollo/utils.keyvaluecache": "^4.0.0", "@apollo/utils.logger": "^3.0.0" }, "peerDependencies": { "graphql": "14.x || 15.x || 16.x" } }, "sha512-3HEMD6fSantG2My3jWkb9dvfkF9vJ4BDLRjMgsnD790VINtuPaEp+h3Hg9HOHiWkML6QsOhnaRqZ+gvhp3y8Nw=="],

    "@apollo/usage-reporting-protobuf": ["@apollo/usage-reporting-protobuf@4.1.2", "", { "dependencies": { "@apollo/protobufjs": "1.2.8" } }, "sha512-aTnAD41RYz0d5dawlyR5Iclkgzx0Xb0njUJmEfvZ6pS4f4HU8wCYyctPpWat/HWp2PmRwDfX5R1k4uVcDKZ4xA=="],

    "@apollo/utils.createhash": ["@apollo/utils.createhash@3.0.1", "", { "dependencies": { "@apollo/utils.isnodelike": "^3.0.0", "sha.js": "^2.4.11" } }, "sha512-CKrlySj4eQYftBE5MJ8IzKwIibQnftDT7yGfsJy5KSEEnLlPASX0UTpbKqkjlVEwPPd4mEwI7WOM7XNxEuO05A=="],

    "@apollo/utils.dropunuseddefinitions": ["@apollo/utils.dropunuseddefinitions@2.0.1", "", { "peerDependencies": { "graphql": "14.x || 15.x || 16.x" } }, "sha512-EsPIBqsSt2BwDsv8Wu76LK5R1KtsVkNoO4b0M5aK0hx+dGg9xJXuqlr7Fo34Dl+y83jmzn+UvEW+t1/GP2melA=="],

    "@apollo/utils.fetcher": ["@apollo/utils.fetcher@3.1.0", "", {}, "sha512-Z3QAyrsQkvrdTuHAFwWDNd+0l50guwoQUoaDQssLOjkmnmVuvXlJykqlEJolio+4rFwBnWdoY1ByFdKaQEcm7A=="],

    "@apollo/utils.isnodelike": ["@apollo/utils.isnodelike@3.0.0", "", {}, "sha512-xrjyjfkzunZ0DeF6xkHaK5IKR8F1FBq6qV+uZ+h9worIF/2YSzA0uoBxGv6tbTeo9QoIQnRW4PVFzGix5E7n/g=="],

    "@apollo/utils.keyvaluecache": ["@apollo/utils.keyvaluecache@4.0.0", "", { "dependencies": { "@apollo/utils.logger": "^3.0.0", "lru-cache": "^11.0.0" } }, "sha512-mKw1myRUkQsGPNB+9bglAuhviodJ2L2MRYLTafCMw5BIo7nbvCPNCkLnIHjZ1NOzH7SnMAr5c9LmXiqsgYqLZw=="],

    "@apollo/utils.logger": ["@apollo/utils.logger@3.0.0", "", {}, "sha512-M8V8JOTH0F2qEi+ktPfw4RL7MvUycDfKp7aEap2eWXfL5SqWHN6jTLbj5f5fj1cceHpyaUSOZlvlaaryaxZAmg=="],

    "@apollo/utils.printwithreducedwhitespace": ["@apollo/utils.printwithreducedwhitespace@2.0.1", "", { "peerDependencies": { "graphql": "14.x || 15.x || 16.x" } }, "sha512-9M4LUXV/fQBh8vZWlLvb/HyyhjJ77/I5ZKu+NBWV/BmYGyRmoEP9EVAy7LCVoY3t8BDcyCAGfxJaLFCSuQkPUg=="],

    "@apollo/utils.removealiases": ["@apollo/utils.removealiases@2.0.1", "", { "peerDependencies": { "graphql": "14.x || 15.x || 16.x" } }, "sha512-0joRc2HBO4u594Op1nev+mUF6yRnxoUH64xw8x3bX7n8QBDYdeYgY4tF0vJReTy+zdn2xv6fMsquATSgC722FA=="],

    "@apollo/utils.sortast": ["@apollo/utils.sortast@2.0.1", "", { "dependencies": { "lodash.sortby": "^4.7.0" }, "peerDependencies": { "graphql": "14.x || 15.x || 16.x" } }, "sha512-eciIavsWpJ09za1pn37wpsCGrQNXUhM0TktnZmHwO+Zy9O4fu/WdB4+5BvVhFiZYOXvfjzJUcc+hsIV8RUOtMw=="],

    "@apollo/utils.stripsensitiveliterals": ["@apollo/utils.stripsensitiveliterals@2.0.1", "", { "peerDependencies": { "graphql": "14.x || 15.x || 16.x" } }, "sha512-QJs7HtzXS/JIPMKWimFnUMK7VjkGQTzqD9bKD1h3iuPAqLsxd0mUNVbkYOPTsDhUKgcvUOfOqOJWYohAKMvcSA=="],

    "@apollo/utils.usagereporting": ["@apollo/utils.usagereporting@2.1.0", "", { "dependencies": { "@apollo/usage-reporting-protobuf": "^4.1.0", "@apollo/utils.dropunuseddefinitions": "^2.0.1", "@apollo/utils.printwithreducedwhitespace": "^2.0.1", "@apollo/utils.removealiases": "2.0.1", "@apollo/utils.sortast": "^2.0.1", "@apollo/utils.stripsensitiveliterals": "^2.0.1" }, "peerDependencies": { "graphql": "14.x || 15.x || 16.x" } }, "sha512-LPSlBrn+S17oBy5eWkrRSGb98sWmnEzo3DPTZgp8IQc8sJe0prDgDuppGq4NeQlpoqEHz0hQeYHAOA0Z3aQsxQ=="],

    "@apollo/utils.withrequired": ["@apollo/utils.withrequired@3.0.0", "", {}, "sha512-aaxeavfJ+RHboh7c2ofO5HHtQobGX4AgUujXP4CXpREHp9fQ9jPi6K9T1jrAKe7HIipoP0OJ1gd6JamSkFIpvA=="],

    "@graphql-tools/merge": ["@graphql-tools/merge@9.1.9", "", { "dependencies": { "@graphql-tools/utils": "^11.1.0", "tslib": "^2.4.0" }, "peerDependencies": { "graphql": "^14.0.0 || ^15.0.0 || ^16.0.0 || ^17.0.0" } }, "sha512-iHUWNjRHeQRYdgIMIuChThOwoKzA9vrzYeslgfBo5eUYEyHGZCoDPjAavssoYXLwstYt1dZj2J22jSzc2DrN0Q=="],

    "@graphql-tools/schema": ["@graphql-tools/schema@10.0.33", "", { "dependencies": { "@graphql-tools/merge": "^9.1.9", "@graphql-tools/utils": "^11.1.0", "tslib": "^2.4.0" }, "peerDependencies": { "graphql": "^14.0.0 || ^15.0.0 || ^16.0.0 || ^17.0.0" } }, "sha512-O6P3RIftO0jafnSsFAqpjurUuUxJ43s/AdPVLQsBkI6y4Ic/tKm4C1Qm1KKQsCDTOxXPJClh/v3g7k7yLKCFBQ=="],

    "@graphql-tools/utils": ["@graphql-tools/utils@11.1.0", "", { "dependencies": { "@graphql-typed-document-node/core": "^3.1.1", "@whatwg-node/promise-helpers": "^1.0.0", "cross-inspect": "1.0.1", "tslib": "^2.4.0" }, "peerDependencies": { "graphql": "^14.0.0 || ^15.0.0 || ^16.0.0 || ^17.0.0" } }, "sha512-PtFVG4r8Z2LEBSaPYQMusBiB3o6kjLVJyjCLbnWem/SpSuM21v6LTmgpkXfYU1qpBV2UGsFyuEnSJInl8fR1Ag=="],

    "@graphql-typed-document-node/core": ["@graphql-typed-document-node/core@3.2.0", "", { "peerDependencies": { "graphql": "^0.8.0 || ^0.9.0 || ^0.10.0 || ^0.11.0 || ^0.12.0 || ^0.13.0 || ^14.0.0 || ^15.0.0 || ^16.0.0 || ^17.0.0" } }, "sha512-mB9oAsNCm9aM3/SOv4YtBMqZbYj10R7dkq8byBqxGY/ncFwhf2oQzMV+LCRlWoDSEBJ3COiR1yeDvMtsoOsuFQ=="],

    "@pothos/core": ["@pothos/core@4.12.0", "", { "peerDependencies": { "graphql": "^16.10.0" } }, "sha512-PeiODrj3GjQ7Nbs/5p65DEyBWZTSGGjgGO/BgaMEqS1jBNX/2zJTEQJA9zM5uPmCHUCDjE7Qn2U7lOi0ALp/8A=="],

    "@protobufjs/aspromise": ["@protobufjs/aspromise@1.1.2", "", {}, "sha512-j+gKExEuLmKwvz3OgROXtrJ2UG2x8Ch2YZUxahh+s1F2HZ+wAceUNLkvy6zKCPVRkU++ZWQrdxsUeQXmcg4uoQ=="],

    "@protobufjs/base64": ["@protobufjs/base64@1.1.2", "", {}, "sha512-AZkcAA5vnN/v4PDqKyMR5lx7hZttPDgClv83E//FMNhR2TMcLUhfRUBHCmSl0oi9zMgDDqRUJkSxO3wm85+XLg=="],

    "@protobufjs/codegen": ["@protobufjs/codegen@2.0.5", "", {}, "sha512-zgXFLzW3Ap33e6d0Wlj4MGIm6Ce8O89n/apUaGNB/jx+hw+ruWEp7EwGUshdLKVRCxZW12fp9r40E1mQrf/34g=="],

    "@protobufjs/eventemitter": ["@protobufjs/eventemitter@1.1.0", "", {}, "sha512-j9ednRT81vYJ9OfVuXG6ERSTdEL1xVsNgqpkxMsbIabzSo3goCjDIveeGv5d03om39ML71RdmrGNjG5SReBP/Q=="],

    "@protobufjs/fetch": ["@protobufjs/fetch@1.1.0", "", { "dependencies": { "@protobufjs/aspromise": "^1.1.1", "@protobufjs/inquire": "^1.1.0" } }, "sha512-lljVXpqXebpsijW71PZaCYeIcE5on1w5DlQy5WH6GLbFryLUrBD4932W/E2BSpfRJWseIL4v/KPgBFxDOIdKpQ=="],

    "@protobufjs/float": ["@protobufjs/float@1.0.2", "", {}, "sha512-Ddb+kVXlXst9d+R9PfTIxh1EdNkgoRe5tOX6t01f1lYWOvJnSPDBlG241QLzcyPdoNTsblLUdujGSE4RzrTZGQ=="],

    "@protobufjs/inquire": ["@protobufjs/inquire@1.1.1", "", {}, "sha512-mnzgDV26ueAvk7rsbt9L7bE0SuAoqyuys/sMMrmVcN5x9VsxpcG3rqAUSgDyLp0UZlmNfIbQ4fHfCtreVBk8Ew=="],

    "@protobufjs/path": ["@protobufjs/path@1.1.2", "", {}, "sha512-6JOcJ5Tm08dOHAbdR3GrvP+yUUfkjG5ePsHYczMFLq3ZmMkAD98cDgcT2iA1lJ9NVwFd4tH/iSSoe44YWkltEA=="],

    "@protobufjs/pool": ["@protobufjs/pool@1.1.0", "", {}, "sha512-0kELaGSIDBKvcgS4zkjz1PeddatrjYcmMWOlAuAPwAeccUrPHdUqo/J6LiymHHEiJT5NrF1UVwxY14f+fy4WQw=="],

    "@protobufjs/utf8": ["@protobufjs/utf8@1.1.1", "", {}, "sha512-oOAWABowe8EAbMyWKM0tYDKi8Yaox52D+HWZhAIJqQXbqe0xI/GV7FhLWqlEKreMkfDjshR5FKgi3mnle0h6Eg=="],

    "@types/bun": ["@types/bun@1.3.13", "", { "dependencies": { "bun-types": "1.3.13" } }, "sha512-9fqXWk5YIHGGnUau9TEi+qdlTYDAnOj+xLCmSTwXfAIqXr2x4tytJb43E9uCvt09zJURKXwAtkoH4nLQfzeTXw=="],

    "@types/long": ["@types/long@4.0.2", "", {}, "sha512-MqTGEo5bj5t157U6fA/BiDynNkn0YknVdh48CMPkTSpFTVmvao5UQmm7uEF6xBEo7qIMAlY/JSleYaE6VOdpaA=="],

    "@types/node": ["@types/node@25.6.1", "", { "dependencies": { "undici-types": "~7.19.0" } }, "sha512-coJCN8O1q4AGyyqCAUSP06P+SrMTu18BkEj3NVAK07q6QUneD2wzj3CLv9+yP+BMeZQlMvneXqqvDe3w+xcq7g=="],

    "@whatwg-node/promise-helpers": ["@whatwg-node/promise-helpers@1.3.2", "", { "dependencies": { "tslib": "^2.6.3" } }, "sha512-Nst5JdK47VIl9UcGwtv2Rcgyn5lWtZ0/mhRQ4G8NN2isxpq2TO30iqHzmwoJycjWuyUfg3GFXqP/gFHXeV57IA=="],

    "async-retry": ["async-retry@1.3.3", "", { "dependencies": { "retry": "0.13.1" } }, "sha512-wfr/jstw9xNi/0teMHrRW7dsz3Lt5ARhYNZ2ewpadnhaIp5mbALhOAP+EAdsC7t4Z6wqsDVv9+W6gm1Dk9mEyw=="],

    "available-typed-arrays": ["available-typed-arrays@1.0.7", "", { "dependencies": { "possible-typed-array-names": "^1.0.0" } }, "sha512-wvUjBtSGN7+7SjNpq/9M2Tg350UZD3q62IFZLbRAR1bSMlCo1ZaeW+BJ+D090e4hIIZLBcTDWe4Mh4jvUDajzQ=="],

    "body-parser": ["body-parser@2.2.2", "", { "dependencies": { "bytes": "^3.1.2", "content-type": "^1.0.5", "debug": "^4.4.3", "http-errors": "^2.0.0", "iconv-lite": "^0.7.0", "on-finished": "^2.4.1", "qs": "^6.14.1", "raw-body": "^3.0.1", "type-is": "^2.0.1" } }, "sha512-oP5VkATKlNwcgvxi0vM0p/D3n2C3EReYVX+DNYs5TjZFn/oQt2j+4sVJtSMr18pdRr8wjTcBl6LoV+FUwzPmNA=="],

    "bun-types": ["bun-types@1.3.13", "", { "dependencies": { "@types/node": "*" } }, "sha512-QXKeHLlOLqQX9LgYaHJfzdBaV21T63HhFJnvuRCcjZiaUDpbs5ED1MgxbMra71CsryN/1dAoXuJJJwIv/2drVA=="],

    "bytes": ["bytes@3.1.2", "", {}, "sha512-/Nf7TyzTx6S3yRJObOAV7956r8cr2+Oj8AC5dt8wSP3BQAoeX58NoHyCU8P8zGkNXStjTSi6fzO6F0pBdcYbEg=="],

    "call-bind": ["call-bind@1.0.9", "", { "dependencies": { "call-bind-apply-helpers": "^1.0.2", "es-define-property": "^1.0.1", "get-intrinsic": "^1.3.0", "set-function-length": "^1.2.2" } }, "sha512-a/hy+pNsFUTR+Iz8TCJvXudKVLAnz/DyeSUo10I5yvFDQJBFU2s9uqQpoSrJlroHUKoKqzg+epxyP9lqFdzfBQ=="],

    "call-bind-apply-helpers": ["call-bind-apply-helpers@1.0.2", "", { "dependencies": { "es-errors": "^1.3.0", "function-bind": "^1.1.2" } }, "sha512-Sp1ablJ0ivDkSzjcaJdxEunN5/XvksFJ2sMBFfq6x0ryhQV/2b/KwFe21cMpmHtPOSij8K99/wSfoEuTObmuMQ=="],

    "call-bound": ["call-bound@1.0.4", "", { "dependencies": { "call-bind-apply-helpers": "^1.0.2", "get-intrinsic": "^1.3.0" } }, "sha512-+ys997U96po4Kx/ABpBCqhA9EuxJaQWDQg7295H4hBphv3IZg0boBKuwYpt4YXp6MZ5AmZQnU/tyMTlRpaSejg=="],

    "content-type": ["content-type@1.0.5", "", {}, "sha512-nTjqfcBFEipKdXCv4YDQWCfmcLZKm81ldF0pAopTvyrFGVbcR6P/VAAd5G7N+0tTr8QqiU0tFadD6FK4NtJwOA=="],

    "cors": ["cors@2.8.6", "", { "dependencies": { "object-assign": "^4", "vary": "^1" } }, "sha512-tJtZBBHA6vjIAaF6EnIaq6laBBP9aq/Y3ouVJjEfoHbRBcHBAHYcMh/w8LDrk2PvIMMq8gmopa5D4V8RmbrxGw=="],

    "cross-inspect": ["cross-inspect@1.0.1", "", { "dependencies": { "tslib": "^2.4.0" } }, "sha512-Pcw1JTvZLSJH83iiGWt6fRcT+BjZlCDRVwYLbUcHzv/CRpB7r0MlSrGbIyQvVSNyGnbt7G4AXuyCiDR3POvZ1A=="],

    "dataloader": ["dataloader@2.2.3", "", {}, "sha512-y2krtASINtPFS1rSDjacrFgn1dcUuoREVabwlOGOe4SdxenREqwjwjElAdwvbGM7kgZz9a3KVicWR7vcz8rnzA=="],

    "debug": ["debug@4.4.3", "", { "dependencies": { "ms": "^2.1.3" } }, "sha512-RGwwWnwQvkVfavKVt22FGLw+xYSdzARwm0ru6DhTVA3umU5hZc28V3kO4stgYryrTlLpuvgI9GiijltAjNbcqA=="],

    "define-data-property": ["define-data-property@1.1.4", "", { "dependencies": { "es-define-property": "^1.0.0", "es-errors": "^1.3.0", "gopd": "^1.0.1" } }, "sha512-rBMvIzlpA8v6E+SJZoo++HAYqsLrkg7MSfIinMPFhmkorw7X+dOXVJQs+QT69zGkzMyfDnIMN2Wid1+NbL3T+A=="],

    "depd": ["depd@2.0.0", "", {}, "sha512-g7nH6P6dyDioJogAAGprGpCtVImJhpPk/roCzdb3fIh61/s/nPsfR6onyMwkCAR/OlC3yBC0lESvUoQEAssIrw=="],

    "dunder-proto": ["dunder-proto@1.0.1", "", { "dependencies": { "call-bind-apply-helpers": "^1.0.1", "es-errors": "^1.3.0", "gopd": "^1.2.0" } }, "sha512-KIN/nDJBQRcXw0MLVhZE9iQHmG68qAVIBg9CqmUYjmQIhgij9U5MFvrqkUL5FbtyyzZuOeOt0zdeRe4UY7ct+A=="],

    "ee-first": ["ee-first@1.1.1", "", {}, "sha512-WMwm9LhRUo+WUaRN+vRuETqG89IgZphVSNkdFgeb6sS/E4OrDIN7t48CAewSHXc6C8lefD8KKfr5vY61brQlow=="],

    "encodeurl": ["encodeurl@2.0.0", "", {}, "sha512-Q0n9HRi4m6JuGIV1eFlmvJB7ZEVxu93IrMyiMsGC0lrMJMWzRgx6WGquyfQgZVb31vhGgXnfmPNNXmxnOkRBrg=="],

    "es-define-property": ["es-define-property@1.0.1", "", {}, "sha512-e3nRfgfUZ4rNGL232gUgX06QNyyez04KdjFrF+LTRoOXmrOgFKDg4BCdsjW8EnT69eqdYGmRpJwiPVYNrCaW3g=="],

    "es-errors": ["es-errors@1.3.0", "", {}, "sha512-Zf5H2Kxt2xjTvbJvP2ZWLEICxA6j+hAmMzIlypy4xcBg1vKVnx89Wy0GbS+kf5cwCVFFzdCFh2XSCFNULS6csw=="],

    "es-object-atoms": ["es-object-atoms@1.1.1", "", { "dependencies": { "es-errors": "^1.3.0" } }, "sha512-FGgH2h8zKNim9ljj7dankFPcICIK9Cp5bm+c2gQSYePhpaG5+esrLODihIorn+Pe6FGJzWhXQotPv73jTaldXA=="],

    "escape-html": ["escape-html@1.0.3", "", {}, "sha512-NiSupZ4OeuGwr68lGIeym/ksIZMJodUGOSCZ/FSnTxcrekbvqrgdUxlJOMpijaKZVjAJrWrGs/6Jy8OMuyj9ow=="],

    "finalhandler": ["finalhandler@2.1.1", "", { "dependencies": { "debug": "^4.4.0", "encodeurl": "^2.0.0", "escape-html": "^1.0.3", "on-finished": "^2.4.1", "parseurl": "^1.3.3", "statuses": "^2.0.1" } }, "sha512-S8KoZgRZN+a5rNwqTxlZZePjT/4cnm0ROV70LedRHZ0p8u9fRID0hJUZQpkKLzro8LfmC8sx23bY6tVNxv8pQA=="],

    "for-each": ["for-each@0.3.5", "", { "dependencies": { "is-callable": "^1.2.7" } }, "sha512-dKx12eRCVIzqCxFGplyFKJMPvLEWgmNtUrpTiJIR5u97zEhRG8ySrtboPHZXx7daLxQVrl643cTzbab2tkQjxg=="],

    "function-bind": ["function-bind@1.1.2", "", {}, "sha512-7XHNxH7qX9xG5mIwxkhumTox/MIRNcOgDrxWsMt2pAr23WHp6MrRlN7FBSFpCpr+oVO0F744iUgR82nJMfG2SA=="],

    "get-intrinsic": ["get-intrinsic@1.3.0", "", { "dependencies": { "call-bind-apply-helpers": "^1.0.2", "es-define-property": "^1.0.1", "es-errors": "^1.3.0", "es-object-atoms": "^1.1.1", "function-bind": "^1.1.2", "get-proto": "^1.0.1", "gopd": "^1.2.0", "has-symbols": "^1.1.0", "hasown": "^2.0.2", "math-intrinsics": "^1.1.0" } }, "sha512-9fSjSaos/fRIVIp+xSJlE6lfwhES7LNtKaCBIamHsjr2na1BiABJPo0mOjjz8GJDURarmCPGqaiVg5mfjb98CQ=="],

    "get-proto": ["get-proto@1.0.1", "", { "dependencies": { "dunder-proto": "^1.0.1", "es-object-atoms": "^1.0.0" } }, "sha512-sTSfBjoXBp89JvIKIefqw7U2CCebsc74kiY6awiGogKtoSGbgjYE/G/+l9sF3MWFPNc9IcoOC4ODfKHfxFmp0g=="],

    "gopd": ["gopd@1.2.0", "", {}, "sha512-ZUKRh6/kUFoAiTAtTYPZJ3hw9wNxx+BIBOijnlG9PnrJsCcSjs1wyyD6vJpaYtgnzDrKYRSqf3OO6Rfa93xsRg=="],

    "graphql": ["graphql@16.14.0", "", {}, "sha512-BBvQ/406p+4CZbTpCbVPSxfzrZrbnuWSP1ELYgyS6B+hNeKzgrdB4JczCa5VZUBQrDa9hUngm0KnexY6pJRN5Q=="],

    "has-property-descriptors": ["has-property-descriptors@1.0.2", "", { "dependencies": { "es-define-property": "^1.0.0" } }, "sha512-55JNKuIW+vq4Ke1BjOTjM2YctQIvCT7GFzHwmfZPGo5wnrgkid0YQtnAleFSqumZm4az3n2BS+erby5ipJdgrg=="],

    "has-symbols": ["has-symbols@1.1.0", "", {}, "sha512-1cDNdwJ2Jaohmb3sg4OmKaMBwuC48sYni5HUw2DvsC8LjGTLK9h+eb1X6RyuOHe4hT0ULCW68iomhjUoKUqlPQ=="],

    "has-tostringtag": ["has-tostringtag@1.0.2", "", { "dependencies": { "has-symbols": "^1.0.3" } }, "sha512-NqADB8VjPFLM2V0VvHUewwwsw0ZWBaIdgo+ieHtK3hasLz4qeCRjYcqfB6AQrBggRKppKF8L52/VqdVsO47Dlw=="],

    "hasown": ["hasown@2.0.3", "", { "dependencies": { "function-bind": "^1.1.2" } }, "sha512-ej4AhfhfL2Q2zpMmLo7U1Uv9+PyhIZpgQLGT1F9miIGmiCJIoCgSmczFdrc97mWT4kVY72KA+WnnhJ5pghSvSg=="],

    "http-errors": ["http-errors@2.0.1", "", { "dependencies": { "depd": "~2.0.0", "inherits": "~2.0.4", "setprototypeof": "~1.2.0", "statuses": "~2.0.2", "toidentifier": "~1.0.1" } }, "sha512-4FbRdAX+bSdmo4AUFuS0WNiPz8NgFt+r8ThgNWmlrjQjt1Q7ZR9+zTlce2859x4KSXrwIsaeTqDoKQmtP8pLmQ=="],

    "iconv-lite": ["iconv-lite@0.7.2", "", { "dependencies": { "safer-buffer": ">= 2.1.2 < 3.0.0" } }, "sha512-im9DjEDQ55s9fL4EYzOAv0yMqmMBSZp6G0VvFyTMPKWxiSBHUj9NW/qqLmXUwXrrM7AvqSlTCfvqRb0cM8yYqw=="],

    "inherits": ["inherits@2.0.4", "", {}, "sha512-k/vGaX4/Yla3WzyMCvTQOXYeIHvqOKtnqBduzTHpzpQZzAskKMhZ2K+EnBiSM9zGSoIFeMpXKxa4dYeZIQqewQ=="],

    "is-callable": ["is-callable@1.2.7", "", {}, "sha512-1BC0BVFhS/p0qtw6enp8e+8OD0UrK0oFLztSjNzhcKA3WDuJxxAPXzPuPtKkjEY9UUoEWlX/8fgKeu2S8i9JTA=="],

    "is-typed-array": ["is-typed-array@1.1.15", "", { "dependencies": { "which-typed-array": "^1.1.16" } }, "sha512-p3EcsicXjit7SaskXHs1hA91QxgTw46Fv6EFKKGS5DRFLD8yKnohjF3hxoju94b/OcMZoQukzpPpBE9uLVKzgQ=="],

    "isarray": ["isarray@2.0.5", "", {}, "sha512-xHjhDr3cNBK0BzdUJSPXZntQUx/mwMS5Rw4A7lPJ90XGAO6ISP/ePDNuo0vhqOZU+UD5JoodwCAAoZQd3FeAKw=="],

    "lodash.sortby": ["lodash.sortby@4.7.0", "", {}, "sha512-HDWXG8isMntAyRF5vZ7xKuEvOhT4AhlRt/3czTSjvGUxjYCBVRQY48ViDHyfYz9VIoBkW4TMGQNapx+l3RUwdA=="],

    "loglevel": ["loglevel@1.9.2", "", {}, "sha512-HgMmCqIJSAKqo68l0rS2AanEWfkxaZ5wNiEFb5ggm08lDs9Xl2KxBlX3PTcaD2chBM1gXAYf491/M2Rv8Jwayg=="],

    "long": ["long@4.0.0", "", {}, "sha512-XsP+KhQif4bjX1kbuSiySJFNAehNxgLb6hPRGJ9QsUr8ajHkuXGdrHmFUTUUXhDwVX2R5bY4JNZEwbUiMhV+MA=="],

    "lru-cache": ["lru-cache@11.3.6", "", {}, "sha512-Gf/KoL3C/MlI7Bt0PGI9I+TeTC/I6r/csU58N4BSNc4lppLBeKsOdFYkK+dX0ABDUMJNfCHTyPpzwwO21Awd3A=="],

    "math-intrinsics": ["math-intrinsics@1.1.0", "", {}, "sha512-/IXtbwEk5HTPyEwyKX6hGkYXxM9nbj64B+ilVJnC/R6B0pH5G4V3b0pVbL7DBj4tkhBAppbQUlf6F6Xl9LHu1g=="],

    "media-typer": ["media-typer@1.1.0", "", {}, "sha512-aisnrDP4GNe06UcKFnV5bfMNPBUw4jsLGaWwWfnH3v02GnBuXX2MCVn5RbrWo0j3pczUilYblq7fQ7Nw2t5XKw=="],

    "mime-db": ["mime-db@1.54.0", "", {}, "sha512-aU5EJuIN2WDemCcAp2vFBfp/m4EAhWJnUNSSw0ixs7/kXbd6Pg64EmwJkNdFhB8aWt1sH2CTXrLxo/iAGV3oPQ=="],

    "mime-types": ["mime-types@3.0.2", "", { "dependencies": { "mime-db": "^1.54.0" } }, "sha512-Lbgzdk0h4juoQ9fCKXW4by0UJqj+nOOrI9MJ1sSj4nI8aI2eo1qmvQEie4VD1glsS250n15LsWsYtCugiStS5A=="],

    "ms": ["ms@2.1.3", "", {}, "sha512-6FlzubTLZG3J2a/NVCAleEhjzq5oxgHyaCU9yYXvcLsvoVaHJq/s5xXI6/XXP6tz7R9xAOtHnSO/tXtF3WRTlA=="],

    "negotiator": ["negotiator@1.0.0", "", {}, "sha512-8Ofs/AUQh8MaEcrlq5xOX0CQ9ypTF5dl78mjlMNfOK08fzpgTHQRQPBxcPlEtIw0yRpws+Zo/3r+5WRby7u3Gg=="],

    "object-assign": ["object-assign@4.1.1", "", {}, "sha512-rJgTQnkUnH1sFw8yT6VSU3zD3sWmu6sZhIseY8VX+GRu3P6F7Fu+JNDoXfklElbLJSnc3FUQHVe4cU5hj+BcUg=="],

    "object-inspect": ["object-inspect@1.13.4", "", {}, "sha512-W67iLl4J2EXEGTbfeHCffrjDfitvLANg0UlX3wFUUSTx92KXRFegMHUVgSqE+wvhAbi4WqjGg9czysTV2Epbew=="],

    "on-finished": ["on-finished@2.4.1", "", { "dependencies": { "ee-first": "1.1.1" } }, "sha512-oVlzkg3ENAhCk2zdv7IJwd/QUD4z2RxRwpkcGY8psCVcCYZNq4wYnVWALHM+brtuJjePWiYF/ClmuDr8Ch5+kg=="],

    "parseurl": ["parseurl@1.3.3", "", {}, "sha512-CiyeOxFT/JZyN5m0z9PfXw4SCBJ6Sygz1Dpl0wqjlhDEGGBP1GnsUVEL0p63hoG1fcj3fHynXi9NYO4nWOL+qQ=="],

    "possible-typed-array-names": ["possible-typed-array-names@1.1.0", "", {}, "sha512-/+5VFTchJDoVj3bhoqi6UeymcD00DAwb1nJwamzPvHEszJ4FpF6SNNbUbOS8yI56qHzdV8eK0qEfOSiodkTdxg=="],

    "qs": ["qs@6.15.1", "", { "dependencies": { "side-channel": "^1.1.0" } }, "sha512-6YHEFRL9mfgcAvql/XhwTvf5jKcOiiupt2FiJxHkiX1z4j7WL8J/jRHYLluORvc1XxB5rV20KoeK00gVJamspg=="],

    "raw-body": ["raw-body@3.0.2", "", { "dependencies": { "bytes": "~3.1.2", "http-errors": "~2.0.1", "iconv-lite": "~0.7.0", "unpipe": "~1.0.0" } }, "sha512-K5zQjDllxWkf7Z5xJdV0/B0WTNqx6vxG70zJE4N0kBs4LovmEYWJzQGxC9bS9RAKu3bgM40lrd5zoLJ12MQ5BA=="],

    "retry": ["retry@0.13.1", "", {}, "sha512-XQBQ3I8W1Cge0Seh+6gjj03LbmRFWuoszgK9ooCpwYIrhhoO80pfq4cUkU5DkknwfOfFteRwlZ56PYOGYyFWdg=="],

    "safe-buffer": ["safe-buffer@5.2.1", "", {}, "sha512-rp3So07KcdmmKbGvgaNxQSJr7bGVSVk5S9Eq1F+ppbRo70+YeaDxkw5Dd8NPN+GD6bjnYm2VuPuCXmpuYvmCXQ=="],

    "safer-buffer": ["safer-buffer@2.1.2", "", {}, "sha512-YZo3K82SD7Riyi0E1EQPojLz7kpepnSQI9IyPbHHg1XXXevb5dJI7tpyN2ADxGcQbHG7vcyRHk0cbwqcQriUtg=="],

    "set-function-length": ["set-function-length@1.2.2", "", { "dependencies": { "define-data-property": "^1.1.4", "es-errors": "^1.3.0", "function-bind": "^1.1.2", "get-intrinsic": "^1.2.4", "gopd": "^1.0.1", "has-property-descriptors": "^1.0.2" } }, "sha512-pgRc4hJ4/sNjWCSS9AmnS40x3bNMDTknHgL5UaMBTMyJnU90EgWh1Rz+MC9eFu4BuN/UwZjKQuY/1v3rM7HMfg=="],

    "setprototypeof": ["setprototypeof@1.2.0", "", {}, "sha512-E5LDX7Wrp85Kil5bhZv46j8jOeboKq5JMmYM3gVGdGH8xFpPWXUMsNrlODCrkoxMEeNi/XZIwuRvY4XNwYMJpw=="],

    "sha.js": ["sha.js@2.4.12", "", { "dependencies": { "inherits": "^2.0.4", "safe-buffer": "^5.2.1", "to-buffer": "^1.2.0" }, "bin": { "sha.js": "bin.js" } }, "sha512-8LzC5+bvI45BjpfXU8V5fdU2mfeKiQe1D1gIMn7XUlF3OTUrpdJpPPH4EMAnF0DsHHdSZqCdSss5qCmJKuiO3w=="],

    "side-channel": ["side-channel@1.1.0", "", { "dependencies": { "es-errors": "^1.3.0", "object-inspect": "^1.13.3", "side-channel-list": "^1.0.0", "side-channel-map": "^1.0.1", "side-channel-weakmap": "^1.0.2" } }, "sha512-ZX99e6tRweoUXqR+VBrslhda51Nh5MTQwou5tnUDgbtyM0dBgmhEDtWGP/xbKn6hqfPRHujUNwz5fy/wbbhnpw=="],

    "side-channel-list": ["side-channel-list@1.0.1", "", { "dependencies": { "es-errors": "^1.3.0", "object-inspect": "^1.13.4" } }, "sha512-mjn/0bi/oUURjc5Xl7IaWi/OJJJumuoJFQJfDDyO46+hBWsfaVM65TBHq2eoZBhzl9EchxOijpkbRC8SVBQU0w=="],

    "side-channel-map": ["side-channel-map@1.0.1", "", { "dependencies": { "call-bound": "^1.0.2", "es-errors": "^1.3.0", "get-intrinsic": "^1.2.5", "object-inspect": "^1.13.3" } }, "sha512-VCjCNfgMsby3tTdo02nbjtM/ewra6jPHmpThenkTYh8pG9ucZ/1P8So4u4FGBek/BjpOVsDCMoLA/iuBKIFXRA=="],

    "side-channel-weakmap": ["side-channel-weakmap@1.0.2", "", { "dependencies": { "call-bound": "^1.0.2", "es-errors": "^1.3.0", "get-intrinsic": "^1.2.5", "object-inspect": "^1.13.3", "side-channel-map": "^1.0.1" } }, "sha512-WPS/HvHQTYnHisLo9McqBHOJk2FkHO/tlpvldyrnem4aeQp4hai3gythswg6p01oSoTl58rcpiFAjF2br2Ak2A=="],

    "statuses": ["statuses@2.0.2", "", {}, "sha512-DvEy55V3DB7uknRo+4iOGT5fP1slR8wQohVdknigZPMpMstaKJQWhwiYBACJE3Ul2pTnATihhBYnRhZQHGBiRw=="],

    "to-buffer": ["to-buffer@1.2.2", "", { "dependencies": { "isarray": "^2.0.5", "safe-buffer": "^5.2.1", "typed-array-buffer": "^1.0.3" } }, "sha512-db0E3UJjcFhpDhAF4tLo03oli3pwl3dbnzXOUIlRKrp+ldk/VUxzpWYZENsw2SZiuBjHAk7DfB0VU7NKdpb6sw=="],

    "toidentifier": ["toidentifier@1.0.1", "", {}, "sha512-o5sSPKEkg/DIQNmH43V0/uerLrpzVedkUh8tGNvaeXpfpuwjKenlSox/2O/BTlZUtEe+JG7s5YhEz608PlAHRA=="],

    "tslib": ["tslib@2.8.1", "", {}, "sha512-oJFu94HQb+KVduSUQL7wnpmqnfmLsOA/nAh6b6EH0wCEoK0/mPeXU6c3wKDV83MkOuHPRHtSXKKU99IBazS/2w=="],

    "type-is": ["type-is@2.0.1", "", { "dependencies": { "content-type": "^1.0.5", "media-typer": "^1.1.0", "mime-types": "^3.0.0" } }, "sha512-OZs6gsjF4vMp32qrCbiVSkrFmXtG/AZhY3t0iAMrMBiAZyV9oALtXO8hsrHbMXF9x6L3grlFuwW2oAz7cav+Gw=="],

    "typed-array-buffer": ["typed-array-buffer@1.0.3", "", { "dependencies": { "call-bound": "^1.0.3", "es-errors": "^1.3.0", "is-typed-array": "^1.1.14" } }, "sha512-nAYYwfY3qnzX30IkA6AQZjVbtK6duGontcQm1WSG1MD94YLqK0515GNApXkoxKOWMusVssAHWLh9SeaoefYFGw=="],

    "typescript": ["typescript@6.0.3", "", { "bin": { "tsc": "bin/tsc", "tsserver": "bin/tsserver" } }, "sha512-y2TvuxSZPDyQakkFRPZHKFm+KKVqIisdg9/CZwm9ftvKXLP8NRWj38/ODjNbr43SsoXqNuAisEf1GdCxqWcdBw=="],

    "undici-types": ["undici-types@7.19.2", "", {}, "sha512-qYVnV5OEm2AW8cJMCpdV20CDyaN3g0AjDlOGf1OW4iaDEx8MwdtChUp4zu4H0VP3nDRF/8RKWH+IPp9uW0YGZg=="],

    "unpipe": ["unpipe@1.0.0", "", {}, "sha512-pjy2bYhSsufwWlKwPc+l3cN7+wuJlK6uz0YdJEOlQDbl6jo/YlPi4mb8agUkVC8BF7V8NuzeyPNqRksA3hztKQ=="],

    "vary": ["vary@1.1.2", "", {}, "sha512-BNGbWLfd0eUPabhkXUVm0j8uuvREyTh5ovRa/dyow/BqAbZJyC+5fU+IzQOzmAKzYqYRAISoRhdQr3eIZ/PXqg=="],

    "whatwg-mimetype": ["whatwg-mimetype@4.0.0", "", {}, "sha512-QaKxh0eNIi2mE9p2vEdzfagOKHCcj1pJ56EEHGQOVxp8r9/iszLUUV7v89x9O1p/T+NlTM5W7jW6+cz4Fq1YVg=="],

    "which-typed-array": ["which-typed-array@1.1.20", "", { "dependencies": { "available-typed-arrays": "^1.0.7", "call-bind": "^1.0.8", "call-bound": "^1.0.4", "for-each": "^0.3.5", "get-proto": "^1.0.1", "gopd": "^1.2.0", "has-tostringtag": "^1.0.2" } }, "sha512-LYfpUkmqwl0h9A2HL09Mms427Q1RZWuOHsukfVcKRq9q95iQxdw0ix1JQrqbcDR9PH1QDwf5Qo8OZb5lksZ8Xg=="],
  }
}
